
Microsoft Visual Studio Solution File, Format Version 12.00
# Visual Studio 15
VisualStudioVersion = 15.0.27703.2047
MinimumVisualStudioVersion = 10.0.40219.1
Project("{FAE04EC0-301F-11D3-BF4B-00C04F79EFBC}") = "MVC Login", "MVC Login\MVC Login.csproj", "{93AEA159-C0F8-4D88-A8DF-BC89DEF76288}"
EndProject
Global
	GlobalSection(SolutionConfigurationPlatforms) = preSolution
		Debug|Any CPU = Debug|Any CPU
		Release|Any CPU = Release|Any CPU
	EndGlobalSection
	GlobalSection(ProjectConfigurationPlatforms) = postSolution
		{93AEA159-C0F8-4D88-A8DF-BC89DEF76288}.Debug|Any CPU.ActiveCfg = Debug|Any CPU
		{93AEA159-C0F8-4D88-A8DF-BC89DEF76288}.Debug|Any CPU.Build.0 = Debug|Any CPU
		{93AEA159-C0F8-4D88-A8DF-BC89DEF76288}.Release|Any CPU.ActiveCfg = Release|Any CPU
		{93AEA159-C0F8-4D88-A8DF-BC89DEF76288}.Release|Any CPU.Build.0 = Release|Any CPU
	EndGlobalSection
	GlobalSection(SolutionProperties) = preSolution
		HideSolutionNode = FALSE
	EndGlobalSection
	GlobalSection(ExtensibilityGlobals) = postSolution
		SolutionGuid = {223FBF93-7A22-4B15-B139-81093650963C}
	EndGlobalSection
EndGlobal
